
Microsoft Visual Studio Solution File, Format Version 12.00
# Visual Studio 15
VisualStudioVersion = 15.0.26730.3
MinimumVisualStudioVersion = 10.0.40219.1
Project("{FAE04EC0-301F-11D3-BF4B-00C04F79EFBC}") = "LandmarkDevs.Core.Infrastructure", "Src\LandmarkDevs.Core.Infrastructure\LandmarkDevs.Core.Infrastructure.csproj", "{5EB20C52-BE81-4AE3-8C9C-41B92FBBF209}"
EndProject
Project("{FAE04EC0-301F-11D3-BF4B-00C04F79EFBC}") = "LandmarkDevs.Core.Telemetry", "Src\LandmarkDevs.Core.Telemetry\LandmarkDevs.Core.Telemetry.csproj", "{BAEEA2F9-5EDC-4258-A3BA-A67D646639E5}"
EndProject
Project("{2150E333-8FDC-42A3-9474-1A3956D46DE8}") = "Solution Items", "Solution Items", "{CC8F5008-F83D-4CE7-8D21-D11395D37D01}"
	ProjectSection(SolutionItems) = preProject
		pack.ps1 = pack.ps1
		README.MD = README.MD
	EndProjectSection
EndProject
Project("{FAE04EC0-301F-11D3-BF4B-00C04F79EFBC}") = "LandmarkDevs.Core.Security", "Src\LandmarkDevs.Core.Security\LandmarkDevs.Core.Security.csproj", "{C3C4C17C-BEC0-487F-B4EB-7143DED06426}"
EndProject
Project("{FAE04EC0-301F-11D3-BF4B-00C04F79EFBC}") = "LandmarkDevs.Core.Prism", "Src\LandmarkDevs.Core.Prism\LandmarkDevs.Core.Prism.csproj", "{BAFD026F-8EC1-4B69-AB66-37CC4CA9EBF5}"
EndProject
Project("{FAE04EC0-301F-11D3-BF4B-00C04F79EFBC}") = "LandmarkDevs.Core.Shared", "Src\LandmarkDevs.Core.Shared\LandmarkDevs.Core.Shared.csproj", "{1C0B2E1E-2282-451C-B167-51C3215FFA5A}"
EndProject
Project("{FAE04EC0-301F-11D3-BF4B-00C04F79EFBC}") = "LandmarkDevs.Core.Tests", "Src\LandmarkDevs.Core.Tests\LandmarkDevs.Core.Tests.csproj", "{D7FFE7CE-E8DF-4E54-A7C9-44C3F7C2507D}"
EndProject
Project("{9A19103F-16F7-4668-BE54-9A1E7A4F7556}") = "LandmarkDevs.Shared", "Src\LandmarkDevs.Shared\LandmarkDevs.Shared.csproj", "{E4DCF91E-0412-4395-A6BF-1FFF5408DA5F}"
EndProject
Project("{9A19103F-16F7-4668-BE54-9A1E7A4F7556}") = "LandmarkDevs.Infrastructure", "Src\LandmarkDevs.Infrastructure\LandmarkDevs.Infrastructure.csproj", "{57A72059-82AE-4D2F-A6C1-4E4048C7F228}"
EndProject
Global
	GlobalSection(SolutionConfigurationPlatforms) = preSolution
		Debug|Any CPU = Debug|Any CPU
		Release|Any CPU = Release|Any CPU
	EndGlobalSection
	GlobalSection(ProjectConfigurationPlatforms) = postSolution
		{5EB20C52-BE81-4AE3-8C9C-41B92FBBF209}.Debug|Any CPU.ActiveCfg = Debug|Any CPU
		{5EB20C52-BE81-4AE3-8C9C-41B92FBBF209}.Debug|Any CPU.Build.0 = Debug|Any CPU
		{5EB20C52-BE81-4AE3-8C9C-41B92FBBF209}.Release|Any CPU.ActiveCfg = Release|Any CPU
		{5EB20C52-BE81-4AE3-8C9C-41B92FBBF209}.Release|Any CPU.Build.0 = Release|Any CPU
		{BAEEA2F9-5EDC-4258-A3BA-A67D646639E5}.Debug|Any CPU.ActiveCfg = Debug|Any CPU
		{BAEEA2F9-5EDC-4258-A3BA-A67D646639E5}.Debug|Any CPU.Build.0 = Debug|Any CPU
		{BAEEA2F9-5EDC-4258-A3BA-A67D646639E5}.Release|Any CPU.ActiveCfg = Release|Any CPU
		{BAEEA2F9-5EDC-4258-A3BA-A67D646639E5}.Release|Any CPU.Build.0 = Release|Any CPU
		{C3C4C17C-BEC0-487F-B4EB-7143DED06426}.Debug|Any CPU.ActiveCfg = Debug|Any CPU
		{C3C4C17C-BEC0-487F-B4EB-7143DED06426}.Debug|Any CPU.Build.0 = Debug|Any CPU
		{C3C4C17C-BEC0-487F-B4EB-7143DED06426}.Release|Any CPU.ActiveCfg = Release|Any CPU
		{C3C4C17C-BEC0-487F-B4EB-7143DED06426}.Release|Any CPU.Build.0 = Release|Any CPU
		{BAFD026F-8EC1-4B69-AB66-37CC4CA9EBF5}.Debug|Any CPU.ActiveCfg = Debug|Any CPU
		{BAFD026F-8EC1-4B69-AB66-37CC4CA9EBF5}.Debug|Any CPU.Build.0 = Debug|Any CPU
		{BAFD026F-8EC1-4B69-AB66-37CC4CA9EBF5}.Release|Any CPU.ActiveCfg = Release|Any CPU
		{BAFD026F-8EC1-4B69-AB66-37CC4CA9EBF5}.Release|Any CPU.Build.0 = Release|Any CPU
		{1C0B2E1E-2282-451C-B167-51C3215FFA5A}.Debug|Any CPU.ActiveCfg = Debug|Any CPU
		{1C0B2E1E-2282-451C-B167-51C3215FFA5A}.Debug|Any CPU.Build.0 = Debug|Any CPU
		{1C0B2E1E-2282-451C-B167-51C3215FFA5A}.Release|Any CPU.ActiveCfg = Release|Any CPU
		{1C0B2E1E-2282-451C-B167-51C3215FFA5A}.Release|Any CPU.Build.0 = Release|Any CPU
		{D7FFE7CE-E8DF-4E54-A7C9-44C3F7C2507D}.Debug|Any CPU.ActiveCfg = Debug|Any CPU
		{D7FFE7CE-E8DF-4E54-A7C9-44C3F7C2507D}.Debug|Any CPU.Build.0 = Debug|Any CPU
		{D7FFE7CE-E8DF-4E54-A7C9-44C3F7C2507D}.Release|Any CPU.ActiveCfg = Release|Any CPU
		{D7FFE7CE-E8DF-4E54-A7C9-44C3F7C2507D}.Release|Any CPU.Build.0 = Release|Any CPU
		{E4DCF91E-0412-4395-A6BF-1FFF5408DA5F}.Debug|Any CPU.ActiveCfg = Debug|Any CPU
		{E4DCF91E-0412-4395-A6BF-1FFF5408DA5F}.Debug|Any CPU.Build.0 = Debug|Any CPU
		{E4DCF91E-0412-4395-A6BF-1FFF5408DA5F}.Release|Any CPU.ActiveCfg = Release|Any CPU
		{E4DCF91E-0412-4395-A6BF-1FFF5408DA5F}.Release|Any CPU.Build.0 = Release|Any CPU
		{57A72059-82AE-4D2F-A6C1-4E4048C7F228}.Debug|Any CPU.ActiveCfg = Debug|Any CPU
		{57A72059-82AE-4D2F-A6C1-4E4048C7F228}.Debug|Any CPU.Build.0 = Debug|Any CPU
		{57A72059-82AE-4D2F-A6C1-4E4048C7F228}.Release|Any CPU.ActiveCfg = Release|Any CPU
		{57A72059-82AE-4D2F-A6C1-4E4048C7F228}.Release|Any CPU.Build.0 = Release|Any CPU
	EndGlobalSection
	GlobalSection(SolutionProperties) = preSolution
		HideSolutionNode = FALSE
	EndGlobalSection
	GlobalSection(ExtensibilityGlobals) = postSolution
		SolutionGuid = {624E9A8A-8881-4837-B524-5A2A7F5535FA}
	EndGlobalSection
EndGlobal
